
Microsoft Visual Studio Solution File, Format Version 12.00
Project("{FAE04EC0-301F-11D3-BF4B-00C04F79EFBC}") = "MyFlickList.Api", "MyFlickList.Api\MyFlickList.Api.csproj", "{9A0D7153-53F7-446C-AFD9-ACDB83052ACF}"
EndProject
Project("{FAE04EC0-301F-11D3-BF4B-00C04F79EFBC}") = "MyFlickList.CatalogPopulator", "MyFlickList.CatalogPopulator\MyFlickList.CatalogPopulator.csproj", "{43D57355-04D1-49A9-8C5D-B5F33921ABB6}"
EndProject
Project("{FAE04EC0-301F-11D3-BF4B-00C04F79EFBC}") = "MyFlickList.Api.Tests", "MyFlickList.Api.Tests\MyFlickList.Api.Tests.csproj", "{5886C953-7768-4D94-B4AA-3F054662F676}"
EndProject
Project("{2150E333-8FDC-42A3-9474-1A3956D46DE8}") = "Misc", "Misc", "{3058F6B6-956C-40E1-8729-A234FBF4F81C}"
ProjectSection(SolutionItems) = preProject
	Directory.Build.props = Directory.Build.props
	Changelog.md = Changelog.md
	License.txt = License.txt
	Readme.md = Readme.md
	Docker-compose.yml = Docker-compose.yml
	MyFlickList.Api.dockerfile = MyFlickList.Api.dockerfile
	MyFlickList.App.dockerfile = MyFlickList.App.dockerfile
	.editorconfig = .editorconfig
EndProjectSection
EndProject
Global
	GlobalSection(SolutionConfigurationPlatforms) = preSolution
		Debug|Any CPU = Debug|Any CPU
		Release|Any CPU = Release|Any CPU
	EndGlobalSection
	GlobalSection(ProjectConfigurationPlatforms) = postSolution
		{9A0D7153-53F7-446C-AFD9-ACDB83052ACF}.Debug|Any CPU.ActiveCfg = Debug|Any CPU
		{9A0D7153-53F7-446C-AFD9-ACDB83052ACF}.Debug|Any CPU.Build.0 = Debug|Any CPU
		{9A0D7153-53F7-446C-AFD9-ACDB83052ACF}.Release|Any CPU.ActiveCfg = Release|Any CPU
		{9A0D7153-53F7-446C-AFD9-ACDB83052ACF}.Release|Any CPU.Build.0 = Release|Any CPU
		{43D57355-04D1-49A9-8C5D-B5F33921ABB6}.Debug|Any CPU.ActiveCfg = Debug|Any CPU
		{43D57355-04D1-49A9-8C5D-B5F33921ABB6}.Debug|Any CPU.Build.0 = Debug|Any CPU
		{43D57355-04D1-49A9-8C5D-B5F33921ABB6}.Release|Any CPU.ActiveCfg = Release|Any CPU
		{43D57355-04D1-49A9-8C5D-B5F33921ABB6}.Release|Any CPU.Build.0 = Release|Any CPU
		{5886C953-7768-4D94-B4AA-3F054662F676}.Debug|Any CPU.ActiveCfg = Debug|Any CPU
		{5886C953-7768-4D94-B4AA-3F054662F676}.Debug|Any CPU.Build.0 = Debug|Any CPU
		{5886C953-7768-4D94-B4AA-3F054662F676}.Release|Any CPU.ActiveCfg = Release|Any CPU
		{5886C953-7768-4D94-B4AA-3F054662F676}.Release|Any CPU.Build.0 = Release|Any CPU
	EndGlobalSection
EndGlobal
